
Microsoft Visual Studio Solution File, Format Version 12.00
# Visual Studio 2013
Project("{8BC9CEB8-8B4A-11D0-8D11-00A0C91BC942}") = "UE4_TurnBased", "Intermediate\ProjectFiles\UE4_TurnBased.vcxproj", "{4084D4CC-AA20-46CC-8500-10350CB60E5B}"
	ProjectSection(ProjectDependencies) = postProject
	EndProjectSection
EndProject
Global
	GlobalSection(SolutionConfigurationPlatforms) = preSolution
		DebugGame Editor|Windows = DebugGame Editor|Windows
		DebugGame|Windows = DebugGame|Windows
		Development Editor|Windows = Development Editor|Windows
		Development|Windows = Development|Windows
		Shipping|Windows = Shipping|Windows
	EndGlobalSection
	GlobalSection(ProjectConfigurationPlatforms) = postSolution
		{4084D4CC-AA20-46CC-8500-10350CB60E5B}.DebugGame Editor|Windows.ActiveCfg = DebugGame_Editor|x64
		{4084D4CC-AA20-46CC-8500-10350CB60E5B}.DebugGame Editor|Windows.Build.0 = DebugGame_Editor|x64
		{4084D4CC-AA20-46CC-8500-10350CB60E5B}.DebugGame|Windows.ActiveCfg = DebugGame_Game|x64
		{4084D4CC-AA20-46CC-8500-10350CB60E5B}.DebugGame|Windows.Build.0 = DebugGame_Game|x64
		{4084D4CC-AA20-46CC-8500-10350CB60E5B}.Development Editor|Windows.ActiveCfg = Development_Editor|x64
		{4084D4CC-AA20-46CC-8500-10350CB60E5B}.Development Editor|Windows.Build.0 = Development_Editor|x64
		{4084D4CC-AA20-46CC-8500-10350CB60E5B}.Development|Windows.ActiveCfg = Development_Game|x64
		{4084D4CC-AA20-46CC-8500-10350CB60E5B}.Development|Windows.Build.0 = Development_Game|x64
		{4084D4CC-AA20-46CC-8500-10350CB60E5B}.Shipping|Windows.ActiveCfg = Shipping_Game|Win32
		{4084D4CC-AA20-46CC-8500-10350CB60E5B}.Shipping|Windows.Build.0 = Shipping_Game|Win32
	EndGlobalSection
	GlobalSection(SolutionProperties) = preSolution
		HideSolutionNode = FALSE
	EndGlobalSection
	GlobalSection(NestedProjects) = preSolution
	EndGlobalSection
EndGlobal
